
Microsoft Visual Studio Solution File, Format Version 12.00
# Visual Studio 15
VisualStudioVersion = 15.0.28010.2036
MinimumVisualStudioVersion = 10.0.40219.1
Project("{FAE04EC0-301F-11D3-BF4B-00C04F79EFBC}") = "Backend", "Backend\Backend.csproj", "{51558F7C-E5B7-495A-8CA7-7627C6A77FE5}"
EndProject
Global
	GlobalSection(SolutionConfigurationPlatforms) = preSolution
		Debug|Any CPU = Debug|Any CPU
		Release|Any CPU = Release|Any CPU
	EndGlobalSection
	GlobalSection(ProjectConfigurationPlatforms) = postSolution
		{51558F7C-E5B7-495A-8CA7-7627C6A77FE5}.Debug|Any CPU.ActiveCfg = Debug|Any CPU
		{51558F7C-E5B7-495A-8CA7-7627C6A77FE5}.Debug|Any CPU.Build.0 = Debug|Any CPU
		{51558F7C-E5B7-495A-8CA7-7627C6A77FE5}.Release|Any CPU.ActiveCfg = Release|Any CPU
		{51558F7C-E5B7-495A-8CA7-7627C6A77FE5}.Release|Any CPU.Build.0 = Release|Any CPU
	EndGlobalSection
	GlobalSection(SolutionProperties) = preSolution
		HideSolutionNode = FALSE
	EndGlobalSection
	GlobalSection(ExtensibilityGlobals) = postSolution
		SolutionGuid = {E71953A3-ED18-42AC-8DD4-743CDED5A3B4}
	EndGlobalSection
EndGlobal
